
Microsoft Visual Studio Solution File, Format Version 12.00
# Visual Studio Version 16
VisualStudioVersion = 16.0.31702.278
MinimumVisualStudioVersion = 10.0.40219.1
Project("{FAE04EC0-301F-11D3-BF4B-00C04F79EFBC}") = "EnumsExercises", "EnumsExercises\EnumsExercises.csproj", "{45FF25B2-7BA3-41BE-9992-A227AB4D76F9}"
EndProject
Global
	GlobalSection(SolutionConfigurationPlatforms) = preSolution
		Debug|Any CPU = Debug|Any CPU
		Release|Any CPU = Release|Any CPU
	EndGlobalSection
	GlobalSection(ProjectConfigurationPlatforms) = postSolution
		{45FF25B2-7BA3-41BE-9992-A227AB4D76F9}.Debug|Any CPU.ActiveCfg = Debug|Any CPU
		{45FF25B2-7BA3-41BE-9992-A227AB4D76F9}.Debug|Any CPU.Build.0 = Debug|Any CPU
		{45FF25B2-7BA3-41BE-9992-A227AB4D76F9}.Release|Any CPU.ActiveCfg = Release|Any CPU
		{45FF25B2-7BA3-41BE-9992-A227AB4D76F9}.Release|Any CPU.Build.0 = Release|Any CPU
	EndGlobalSection
	GlobalSection(SolutionProperties) = preSolution
		HideSolutionNode = FALSE
	EndGlobalSection
	GlobalSection(ExtensibilityGlobals) = postSolution
		SolutionGuid = {496A22E2-06C3-423B-95D0-4376CEA1F019}
	EndGlobalSection
EndGlobal
